
Microsoft Visual Studio Solution File, Format Version 12.00
# Visual Studio 15
VisualStudioVersion = 15.0.27703.2047
MinimumVisualStudioVersion = 10.0.40219.1
Project("{8BC9CEB8-8B4A-11D0-8D11-00A0C91BC942}") = "neurolife", "neurolife\neurolife.vcxproj", "{F0BB0FAB-A3D5-4888-B817-A7902E67FEF6}"
EndProject
Global
	GlobalSection(SolutionConfigurationPlatforms) = preSolution
		Debug|x64 = Debug|x64
		Release|x64 = Release|x64
		server|x64 = server|x64
	EndGlobalSection
	GlobalSection(ProjectConfigurationPlatforms) = postSolution
		{F0BB0FAB-A3D5-4888-B817-A7902E67FEF6}.Debug|x64.ActiveCfg = Debug|x64
		{F0BB0FAB-A3D5-4888-B817-A7902E67FEF6}.Debug|x64.Build.0 = Debug|x64
		{F0BB0FAB-A3D5-4888-B817-A7902E67FEF6}.Release|x64.ActiveCfg = Release|x64
		{F0BB0FAB-A3D5-4888-B817-A7902E67FEF6}.Release|x64.Build.0 = Release|x64
		{F0BB0FAB-A3D5-4888-B817-A7902E67FEF6}.server|x64.ActiveCfg = server|x64
		{F0BB0FAB-A3D5-4888-B817-A7902E67FEF6}.server|x64.Build.0 = server|x64
	EndGlobalSection
	GlobalSection(SolutionProperties) = preSolution
		HideSolutionNode = FALSE
	EndGlobalSection
	GlobalSection(ExtensibilityGlobals) = postSolution
		SolutionGuid = {F697275A-3C59-4091-9F72-4F1EA7761C6A}
	EndGlobalSection
EndGlobal
